
Microsoft Visual Studio Solution File, Format Version 12.00
# Visual Studio Version 16
VisualStudioVersion = 16.0.31005.135
MinimumVisualStudioVersion = 10.0.40219.1
Project("{FAE04EC0-301F-11D3-BF4B-00C04F79EFBC}") = "HelloWorld", "HelloWorld\HelloWorld.csproj", "{044D34A4-00BA-4C62-B0D9-049DB37424BB}"
EndProject
Global
	GlobalSection(SolutionConfigurationPlatforms) = preSolution
		Debug|Any CPU = Debug|Any CPU
		Release|Any CPU = Release|Any CPU
	EndGlobalSection
	GlobalSection(ProjectConfigurationPlatforms) = postSolution
		{044D34A4-00BA-4C62-B0D9-049DB37424BB}.Debug|Any CPU.ActiveCfg = Debug|Any CPU
		{044D34A4-00BA-4C62-B0D9-049DB37424BB}.Debug|Any CPU.Build.0 = Debug|Any CPU
		{044D34A4-00BA-4C62-B0D9-049DB37424BB}.Release|Any CPU.ActiveCfg = Release|Any CPU
		{044D34A4-00BA-4C62-B0D9-049DB37424BB}.Release|Any CPU.Build.0 = Release|Any CPU
	EndGlobalSection
	GlobalSection(SolutionProperties) = preSolution
		HideSolutionNode = FALSE
	EndGlobalSection
	GlobalSection(ExtensibilityGlobals) = postSolution
		SolutionGuid = {E1A3295E-2348-4D3E-8A3A-85F72A01B696}
	EndGlobalSection
EndGlobal
